
Microsoft Visual Studio Solution File, Format Version 12.00
# Visual Studio Version 17
VisualStudioVersion = 17.10.34928.147
MinimumVisualStudioVersion = 10.0.40219.1
Project("{FAE04EC0-301F-11D3-BF4B-00C04F79EFBC}") = "xadrez_console", "xadrez_console\xadrez_console.csproj", "{EC46DB38-5997-4179-A13E-DADD6EA7BF67}"
EndProject
Global
	GlobalSection(SolutionConfigurationPlatforms) = preSolution
		Debug|Any CPU = Debug|Any CPU
		Release|Any CPU = Release|Any CPU
	EndGlobalSection
	GlobalSection(ProjectConfigurationPlatforms) = postSolution
		{EC46DB38-5997-4179-A13E-DADD6EA7BF67}.Debug|Any CPU.ActiveCfg = Debug|Any CPU
		{EC46DB38-5997-4179-A13E-DADD6EA7BF67}.Debug|Any CPU.Build.0 = Debug|Any CPU
		{EC46DB38-5997-4179-A13E-DADD6EA7BF67}.Release|Any CPU.ActiveCfg = Release|Any CPU
		{EC46DB38-5997-4179-A13E-DADD6EA7BF67}.Release|Any CPU.Build.0 = Release|Any CPU
	EndGlobalSection
	GlobalSection(SolutionProperties) = preSolution
		HideSolutionNode = FALSE
	EndGlobalSection
	GlobalSection(ExtensibilityGlobals) = postSolution
		SolutionGuid = {781F1130-52A4-4321-813A-75CD4F4BA6C6}
	EndGlobalSection
EndGlobal
